
Microsoft Visual Studio Solution File, Format Version 12.00
Project("{FAE04EC0-301F-11D3-BF4B-00C04F79EFBC}") = "DevFreela.API", "DevFreela.API\DevFreela.API.csproj", "{EBFB499E-213C-4FC4-81DF-7EA96266615D}"
EndProject
Global
	GlobalSection(SolutionConfigurationPlatforms) = preSolution
		Debug|Any CPU = Debug|Any CPU
		Release|Any CPU = Release|Any CPU
	EndGlobalSection
	GlobalSection(ProjectConfigurationPlatforms) = postSolution
		{EBFB499E-213C-4FC4-81DF-7EA96266615D}.Debug|Any CPU.ActiveCfg = Debug|Any CPU
		{EBFB499E-213C-4FC4-81DF-7EA96266615D}.Debug|Any CPU.Build.0 = Debug|Any CPU
		{EBFB499E-213C-4FC4-81DF-7EA96266615D}.Release|Any CPU.ActiveCfg = Release|Any CPU
		{EBFB499E-213C-4FC4-81DF-7EA96266615D}.Release|Any CPU.Build.0 = Release|Any CPU
	EndGlobalSection
EndGlobal
